
Microsoft Visual Studio Solution File, Format Version 12.00
# Visual Studio Version 16
VisualStudioVersion = 16.0.28803.352
MinimumVisualStudioVersion = 10.0.40219.1
Project("{9A19103F-16F7-4668-BE54-9A1E7A4F7556}") = "PET.Domain", "PET.Domain\PET.Domain.csproj", "{D796CD88-55B5-494D-A643-E99C25588DE1}"
EndProject
Project("{9A19103F-16F7-4668-BE54-9A1E7A4F7556}") = "PET.Application", "PET.Application\PET.Application.csproj", "{EA5E7AA9-12DD-456A-9962-0D14BF21A445}"
EndProject
Project("{FAE04EC0-301F-11D3-BF4B-00C04F79EFBC}") = "PET.Ef", "PET.Ef\PET.Ef.csproj", "{17544762-1899-409F-B83E-ACCF189FD4BD}"
EndProject
Project("{FAE04EC0-301F-11D3-BF4B-00C04F79EFBC}") = "PET.Infrastructure", "PET.Infrastucture\PET.Infrastructure.csproj", "{93FB7B26-F2E8-453D-AFD9-D0AECFD5B5B2}"
EndProject
Project("{FAE04EC0-301F-11D3-BF4B-00C04F79EFBC}") = "PET.API", "PET.API\PET.API.csproj", "{958C188A-C449-413D-88FF-511B5C98651A}"
EndProject
Global
	GlobalSection(SolutionConfigurationPlatforms) = preSolution
		Debug|Any CPU = Debug|Any CPU
		Release|Any CPU = Release|Any CPU
	EndGlobalSection
	GlobalSection(ProjectConfigurationPlatforms) = postSolution
		{D796CD88-55B5-494D-A643-E99C25588DE1}.Debug|Any CPU.ActiveCfg = Debug|Any CPU
		{D796CD88-55B5-494D-A643-E99C25588DE1}.Debug|Any CPU.Build.0 = Debug|Any CPU
		{D796CD88-55B5-494D-A643-E99C25588DE1}.Release|Any CPU.ActiveCfg = Release|Any CPU
		{D796CD88-55B5-494D-A643-E99C25588DE1}.Release|Any CPU.Build.0 = Release|Any CPU
		{EA5E7AA9-12DD-456A-9962-0D14BF21A445}.Debug|Any CPU.ActiveCfg = Debug|Any CPU
		{EA5E7AA9-12DD-456A-9962-0D14BF21A445}.Debug|Any CPU.Build.0 = Debug|Any CPU
		{EA5E7AA9-12DD-456A-9962-0D14BF21A445}.Release|Any CPU.ActiveCfg = Release|Any CPU
		{EA5E7AA9-12DD-456A-9962-0D14BF21A445}.Release|Any CPU.Build.0 = Release|Any CPU
		{17544762-1899-409F-B83E-ACCF189FD4BD}.Debug|Any CPU.ActiveCfg = Debug|Any CPU
		{17544762-1899-409F-B83E-ACCF189FD4BD}.Debug|Any CPU.Build.0 = Debug|Any CPU
		{17544762-1899-409F-B83E-ACCF189FD4BD}.Release|Any CPU.ActiveCfg = Release|Any CPU
		{17544762-1899-409F-B83E-ACCF189FD4BD}.Release|Any CPU.Build.0 = Release|Any CPU
		{93FB7B26-F2E8-453D-AFD9-D0AECFD5B5B2}.Debug|Any CPU.ActiveCfg = Debug|Any CPU
		{93FB7B26-F2E8-453D-AFD9-D0AECFD5B5B2}.Debug|Any CPU.Build.0 = Debug|Any CPU
		{93FB7B26-F2E8-453D-AFD9-D0AECFD5B5B2}.Release|Any CPU.ActiveCfg = Release|Any CPU
		{93FB7B26-F2E8-453D-AFD9-D0AECFD5B5B2}.Release|Any CPU.Build.0 = Release|Any CPU
		{958C188A-C449-413D-88FF-511B5C98651A}.Debug|Any CPU.ActiveCfg = Debug|Any CPU
		{958C188A-C449-413D-88FF-511B5C98651A}.Debug|Any CPU.Build.0 = Debug|Any CPU
		{958C188A-C449-413D-88FF-511B5C98651A}.Release|Any CPU.ActiveCfg = Release|Any CPU
		{958C188A-C449-413D-88FF-511B5C98651A}.Release|Any CPU.Build.0 = Release|Any CPU
	EndGlobalSection
	GlobalSection(SolutionProperties) = preSolution
		HideSolutionNode = FALSE
	EndGlobalSection
	GlobalSection(ExtensibilityGlobals) = postSolution
		SolutionGuid = {B8A29AB7-9399-4DBB-B971-4831AB6196EB}
	EndGlobalSection
EndGlobal
